
Microsoft Visual Studio Solution File, Format Version 12.00
# Visual Studio 2012
Project("{2150E333-8FDC-42A3-9474-1A3956D46DE8}") = "eZeeFlow.Domain", "eZeeFlow.Domain", "{B3DF902C-4491-458F-9D5C-E0DC634B93DB}"
EndProject
Project("{2150E333-8FDC-42A3-9474-1A3956D46DE8}") = "eZeeFlow.Data", "eZeeFlow.Data", "{B72DE7E9-6466-4F9D-BB0B-95F25984A815}"
EndProject
Project("{FAE04EC0-301F-11D3-BF4B-00C04F79EFBC}") = "eZeeFlow.BizLogics", "eZeeFlow.BizLogics\eZeeFlow.BizLogics.csproj", "{19B332CC-FE4B-48E9-BD89-173CD751D855}"
EndProject
Project("{FAE04EC0-301F-11D3-BF4B-00C04F79EFBC}") = "eZeeFlow.Common", "eZeeFlow.Common\eZeeFlow.Common.csproj", "{5944B6CD-2E4A-4F12-9FC6-EEFE51A4E4F9}"
EndProject
Project("{FAE04EC0-301F-11D3-BF4B-00C04F79EFBC}") = "eZeeFlow.StorageHelper", "eZeeFlow.StorageHelper\eZeeFlow.StorageHelper.csproj", "{E5E1D4B1-F847-4D31-A3D1-0FAC1B436554}"
EndProject
Project("{FAE04EC0-301F-11D3-BF4B-00C04F79EFBC}") = "eZeeFlow.Sql", "eZeeFlow.Sql\eZeeFlow.Sql.csproj", "{8BC2681E-4F24-4372-8162-C9E7FDC057E7}"
EndProject
Project("{CC5FD16D-436D-48AD-A40C-5A424C6E3E79}") = "eZeeFlow.Cloud", "eZeeFlow.Cloud\eZeeFlow.Cloud.ccproj", "{0880D7D5-7C71-4C47-BE49-7E351FD18AC5}"
EndProject
Project("{FAE04EC0-301F-11D3-BF4B-00C04F79EFBC}") = "eZeeFlow.Web", "eZeeFlow.Web\eZeeFlow.Web.csproj", "{573C6C62-FE95-4410-96FC-D5894CA39214}"
EndProject
Global
	GlobalSection(SolutionConfigurationPlatforms) = preSolution
		Debug|Any CPU = Debug|Any CPU
		Release|Any CPU = Release|Any CPU
	EndGlobalSection
	GlobalSection(ProjectConfigurationPlatforms) = postSolution
		{19B332CC-FE4B-48E9-BD89-173CD751D855}.Debug|Any CPU.ActiveCfg = Debug|Any CPU
		{19B332CC-FE4B-48E9-BD89-173CD751D855}.Debug|Any CPU.Build.0 = Debug|Any CPU
		{19B332CC-FE4B-48E9-BD89-173CD751D855}.Release|Any CPU.ActiveCfg = Release|Any CPU
		{19B332CC-FE4B-48E9-BD89-173CD751D855}.Release|Any CPU.Build.0 = Release|Any CPU
		{5944B6CD-2E4A-4F12-9FC6-EEFE51A4E4F9}.Debug|Any CPU.ActiveCfg = Debug|Any CPU
		{5944B6CD-2E4A-4F12-9FC6-EEFE51A4E4F9}.Debug|Any CPU.Build.0 = Debug|Any CPU
		{5944B6CD-2E4A-4F12-9FC6-EEFE51A4E4F9}.Release|Any CPU.ActiveCfg = Release|Any CPU
		{5944B6CD-2E4A-4F12-9FC6-EEFE51A4E4F9}.Release|Any CPU.Build.0 = Release|Any CPU
		{E5E1D4B1-F847-4D31-A3D1-0FAC1B436554}.Debug|Any CPU.ActiveCfg = Debug|Any CPU
		{E5E1D4B1-F847-4D31-A3D1-0FAC1B436554}.Debug|Any CPU.Build.0 = Debug|Any CPU
		{E5E1D4B1-F847-4D31-A3D1-0FAC1B436554}.Release|Any CPU.ActiveCfg = Release|Any CPU
		{E5E1D4B1-F847-4D31-A3D1-0FAC1B436554}.Release|Any CPU.Build.0 = Release|Any CPU
		{8BC2681E-4F24-4372-8162-C9E7FDC057E7}.Debug|Any CPU.ActiveCfg = Debug|Any CPU
		{8BC2681E-4F24-4372-8162-C9E7FDC057E7}.Debug|Any CPU.Build.0 = Debug|Any CPU
		{8BC2681E-4F24-4372-8162-C9E7FDC057E7}.Release|Any CPU.ActiveCfg = Release|Any CPU
		{8BC2681E-4F24-4372-8162-C9E7FDC057E7}.Release|Any CPU.Build.0 = Release|Any CPU
		{0880D7D5-7C71-4C47-BE49-7E351FD18AC5}.Debug|Any CPU.ActiveCfg = Debug|Any CPU
		{0880D7D5-7C71-4C47-BE49-7E351FD18AC5}.Debug|Any CPU.Build.0 = Debug|Any CPU
		{0880D7D5-7C71-4C47-BE49-7E351FD18AC5}.Release|Any CPU.ActiveCfg = Release|Any CPU
		{0880D7D5-7C71-4C47-BE49-7E351FD18AC5}.Release|Any CPU.Build.0 = Release|Any CPU
		{573C6C62-FE95-4410-96FC-D5894CA39214}.Debug|Any CPU.ActiveCfg = Debug|Any CPU
		{573C6C62-FE95-4410-96FC-D5894CA39214}.Debug|Any CPU.Build.0 = Debug|Any CPU
		{573C6C62-FE95-4410-96FC-D5894CA39214}.Release|Any CPU.ActiveCfg = Release|Any CPU
		{573C6C62-FE95-4410-96FC-D5894CA39214}.Release|Any CPU.Build.0 = Release|Any CPU
	EndGlobalSection
	GlobalSection(SolutionProperties) = preSolution
		HideSolutionNode = FALSE
	EndGlobalSection
	GlobalSection(NestedProjects) = preSolution
		{19B332CC-FE4B-48E9-BD89-173CD751D855} = {B3DF902C-4491-458F-9D5C-E0DC634B93DB}
		{5944B6CD-2E4A-4F12-9FC6-EEFE51A4E4F9} = {B3DF902C-4491-458F-9D5C-E0DC634B93DB}
		{E5E1D4B1-F847-4D31-A3D1-0FAC1B436554} = {B72DE7E9-6466-4F9D-BB0B-95F25984A815}
		{8BC2681E-4F24-4372-8162-C9E7FDC057E7} = {B72DE7E9-6466-4F9D-BB0B-95F25984A815}
	EndGlobalSection
	GlobalSection(ExtensibilityGlobals) = postSolution
		EnterpriseLibraryConfigurationToolBinariesPath = packages\Unity.2.1.505.2\lib\NET35
	EndGlobalSection
EndGlobal
